
Microsoft Visual Studio Solution File, Format Version 12.00
Project("{FAE04EC0-301F-11D3-BF4B-00C04F79EFBC}") = "FeatureToggles.WebApi", "FeatureToggles.WebApi\FeatureToggles.WebApi.csproj", "{3020502C-10DF-434E-827F-044E2939C40A}"
EndProject
Project("{FAE04EC0-301F-11D3-BF4B-00C04F79EFBC}") = "FeatureToggles.Domain", "FeatureToggles.Domain\FeatureToggles.Domain.csproj", "{DDF75284-9FB5-4B67-80A2-6B992A045374}"
EndProject
Global
	GlobalSection(SolutionConfigurationPlatforms) = preSolution
		Debug|Any CPU = Debug|Any CPU
		Release|Any CPU = Release|Any CPU
	EndGlobalSection
	GlobalSection(ProjectConfigurationPlatforms) = postSolution
		{3020502C-10DF-434E-827F-044E2939C40A}.Debug|Any CPU.ActiveCfg = Debug|Any CPU
		{3020502C-10DF-434E-827F-044E2939C40A}.Debug|Any CPU.Build.0 = Debug|Any CPU
		{3020502C-10DF-434E-827F-044E2939C40A}.Release|Any CPU.ActiveCfg = Release|Any CPU
		{3020502C-10DF-434E-827F-044E2939C40A}.Release|Any CPU.Build.0 = Release|Any CPU
		{DDF75284-9FB5-4B67-80A2-6B992A045374}.Debug|Any CPU.ActiveCfg = Debug|Any CPU
		{DDF75284-9FB5-4B67-80A2-6B992A045374}.Debug|Any CPU.Build.0 = Debug|Any CPU
		{DDF75284-9FB5-4B67-80A2-6B992A045374}.Release|Any CPU.ActiveCfg = Release|Any CPU
		{DDF75284-9FB5-4B67-80A2-6B992A045374}.Release|Any CPU.Build.0 = Release|Any CPU
	EndGlobalSection
EndGlobal
